// !$*UTF8*$!
{
	archiveVersion = 1;
	classes = {
	};
	objectVersion = 46;
	objects = {

/* Begin PBXBuildFile section */
		359E4EB41DED7666006471FD /* LocalAuthentication.framework in Frameworks */ = {isa = PBXBuildFile; fileRef = 359E4EB31DED7666006471FD /* LocalAuthentication.framework */; };
		359E4EB61DED766A006471FD /* UIKit.framework in Frameworks */ = {isa = PBXBuildFile; fileRef = 359E4EB51DED766A006471FD /* UIKit.framework */; };
		359E4EB81DED766F006471FD /* Foundation.framework in Frameworks */ = {isa = PBXBuildFile; fileRef = 359E4EB71DED766F006471FD /* Foundation.framework */; };
		359E4EC21DED8259006471FD /* DWTouchIDUNlock.m in Sources */ = {isa = PBXBuildFile; fileRef = 359E4EBB1DED8259006471FD /* DWTouchIDUNlock.m */; };
		359E4EC31DED8259006471FD /* DWGesturesUNlock.m in Sources */ = {isa = PBXBuildFile; fileRef = 359E4EBD1DED8259006471FD /* DWGesturesUNlock.m */; };
		359E4EC51DED8259006471FD /* Resources.bundle in Resources */ = {isa = PBXBuildFile; fileRef = 359E4EC11DED8259006471FD /* Resources.bundle */; };
		35EBC0DB1EF2833400FA0F01 /* GesturesPasswordController.m in Sources */ = {isa = PBXBuildFile; fileRef = 35EBC0DA1EF2833400FA0F01 /* GesturesPasswordController.m */; };
		8F155E2B1DCA355B007ED527 /* main.m in Sources */ = {isa = PBXBuildFile; fileRef = 8F155E2A1DCA355B007ED527 /* main.m */; };
		8F155E2E1DCA355B007ED527 /* AppDelegate.m in Sources */ = {isa = PBXBuildFile; fileRef = 8F155E2D1DCA355B007ED527 /* AppDelegate.m */; };
		8F155E311DCA355B007ED527 /* ViewController.m in Sources */ = {isa = PBXBuildFile; fileRef = 8F155E301DCA355B007ED527 /* ViewController.m */; };
		8F155E341DCA355B007ED527 /* Main.storyboard in Resources */ = {isa = PBXBuildFile; fileRef = 8F155E321DCA355B007ED527 /* Main.storyboard */; };
		8F155E361DCA355B007ED527 /* Assets.xcassets in Resources */ = {isa = PBXBuildFile; fileRef = 8F155E351DCA355B007ED527 /* Assets.xcassets */; };
		8F155E411DCA3580007ED527 /* Launch Screen.storyboard in Resources */ = {isa = PBXBuildFile; fileRef = 8F155E401DCA3580007ED527 /* Launch Screen.storyboard */; };
		8F8DACFB1E56ADD300EF0D94 /* QuartzCore.framework in Frameworks */ = {isa = PBXBuildFile; fileRef = 8F8DACFA1E56ADD300EF0D94 /* QuartzCore.framework */; };
/* End PBXBuildFile section */

/* Begin PBXFileReference section */
		359E4EB31DED7666006471FD /* LocalAuthentication.framework */ = {isa = PBXFileReference; lastKnownFileType = wrapper.framework; name = LocalAuthentication.framework; path = System/Library/Frameworks/LocalAuthentication.framework; sourceTree = SDKROOT; };
		359E4EB51DED766A006471FD /* UIKit.framework */ = {isa = PBXFileReference; lastKnownFileType = wrapper.framework; name = UIKit.framework; path = System/Library/Frameworks/UIKit.framework; sourceTree = SDKROOT; };
		359E4EB71DED766F006471FD /* Foundation.framework */ = {isa = PBXFileReference; lastKnownFileType = wrapper.framework; name = Foundation.framework; path = System/Library/Frameworks/Foundation.framework; sourceTree = SDKROOT; };
		359E4EBA1DED8259006471FD /* DWTouchIDUNlock.h */ = {isa = PBXFileReference; fileEncoding = 4; lastKnownFileType = sourcecode.c.h; path = DWTouchIDUNlock.h; sourceTree = "<group>"; };
		359E4EBB1DED8259006471FD /* DWTouchIDUNlock.m */ = {isa = PBXFileReference; fileEncoding = 4; lastKnownFileType = sourcecode.c.objc; path = DWTouchIDUNlock.m; sourceTree = "<group>"; };
		359E4EBC1DED8259006471FD /* DWGesturesUNlock.h */ = {isa = PBXFileReference; fileEncoding = 4; lastKnownFileType = sourcecode.c.h; path = DWGesturesUNlock.h; sourceTree = "<group>"; };
		359E4EBD1DED8259006471FD /* DWGesturesUNlock.m */ = {isa = PBXFileReference; fileEncoding = 4; lastKnownFileType = sourcecode.c.objc; path = DWGesturesUNlock.m; sourceTree = "<group>"; };
		359E4EC01DED8259006471FD /* DWUNlock.h */ = {isa = PBXFileReference; fileEncoding = 4; lastKnownFileType = sourcecode.c.h; path = DWUNlock.h; sourceTree = "<group>"; };
		359E4EC11DED8259006471FD /* Resources.bundle */ = {isa = PBXFileReference; lastKnownFileType = "wrapper.plug-in"; path = Resources.bundle; sourceTree = "<group>"; };
		35EBC0D91EF2833400FA0F01 /* GesturesPasswordController.h */ = {isa = PBXFileReference; fileEncoding = 4; lastKnownFileType = sourcecode.c.h; path = GesturesPasswordController.h; sourceTree = "<group>"; };
		35EBC0DA1EF2833400FA0F01 /* GesturesPasswordController.m */ = {isa = PBXFileReference; fileEncoding = 4; lastKnownFileType = sourcecode.c.objc; path = GesturesPasswordController.m; sourceTree = "<group>"; };
		8F155E261DCA355B007ED527 /* DWUNlockDemo.app */ = {isa = PBXFileReference; explicitFileType = wrapper.application; includeInIndex = 0; path = DWUNlockDemo.app; sourceTree = BUILT_PRODUCTS_DIR; };
		8F155E2A1DCA355B007ED527 /* main.m */ = {isa = PBXFileReference; lastKnownFileType = sourcecode.c.objc; path = main.m; sourceTree = "<group>"; };
		8F155E2C1DCA355B007ED527 /* AppDelegate.h */ = {isa = PBXFileReference; lastKnownFileType = sourcecode.c.h; path = AppDelegate.h; sourceTree = "<group>"; };
		8F155E2D1DCA355B007ED527 /* AppDelegate.m */ = {isa = PBXFileReference; lastKnownFileType = sourcecode.c.objc; path = AppDelegate.m; sourceTree = "<group>"; };
		8F155E2F1DCA355B007ED527 /* ViewController.h */ = {isa = PBXFileReference; lastKnownFileType = sourcecode.c.h; path = ViewController.h; sourceTree = "<group>"; };
		8F155E301DCA355B007ED527 /* ViewController.m */ = {isa = PBXFileReference; lastKnownFileType = sourcecode.c.objc; path = ViewController.m; sourceTree = "<group>"; };
		8F155E331DCA355B007ED527 /* Base */ = {isa = PBXFileReference; lastKnownFileType = file.storyboard; name = Base; path = Base.lproj/Main.storyboard; sourceTree = "<group>"; };
		8F155E351DCA355B007ED527 /* Assets.xcassets */ = {isa = PBXFileReference; lastKnownFileType = folder.assetcatalog; path = Assets.xcassets; sourceTree = "<group>"; };
		8F155E3A1DCA355B007ED527 /* Info.plist */ = {isa = PBXFileReference; lastKnownFileType = text.plist.xml; path = Info.plist; sourceTree = "<group>"; };
		8F155E401DCA3580007ED527 /* Launch Screen.storyboard */ = {isa = PBXFileReference; fileEncoding = 4; lastKnownFileType = file.storyboard; path = "Launch Screen.storyboard"; sourceTree = "<group>"; };
		8F8DACFA1E56ADD300EF0D94 /* QuartzCore.framework */ = {isa = PBXFileReference; lastKnownFileType = wrapper.framework; name = QuartzCore.framework; path = System/Library/Frameworks/QuartzCore.framework; sourceTree = SDKROOT; };
/* End PBXFileReference section */

/* Begin PBXFrameworksBuildPhase section */
		8F155E231DCA355B007ED527 /* Frameworks */ = {
			isa = PBXFrameworksBuildPhase;
			buildActionMask = 2147483647;
			files = (
				8F8DACFB1E56ADD300EF0D94 /* QuartzCore.framework in Frameworks */,
				359E4EB81DED766F006471FD /* Foundation.framework in Frameworks */,
				359E4EB61DED766A006471FD /* UIKit.framework in Frameworks */,
				359E4EB41DED7666006471FD /* LocalAuthentication.framework in Frameworks */,
			);
			runOnlyForDeploymentPostprocessing = 0;
		};
/* End PBXFrameworksBuildPhase section */

/* Begin PBXGroup section */
		359E4EB21DED7665006471FD /* Frameworks */ = {
			isa = PBXGroup;
			children = (
				8F8DACFA1E56ADD300EF0D94 /* QuartzCore.framework */,
				359E4EB71DED766F006471FD /* Foundation.framework */,
				359E4EB51DED766A006471FD /* UIKit.framework */,
				359E4EB31DED7666006471FD /* LocalAuthentication.framework */,
			);
			name = Frameworks;
			sourceTree = "<group>";
		};
		359E4EB91DED8259006471FD /* DWUNlock */ = {
			isa = PBXGroup;
			children = (
				359E4EBA1DED8259006471FD /* DWTouchIDUNlock.h */,
				359E4EBB1DED8259006471FD /* DWTouchIDUNlock.m */,
				359E4EBC1DED8259006471FD /* DWGesturesUNlock.h */,
				359E4EBD1DED8259006471FD /* DWGesturesUNlock.m */,
				359E4EC01DED8259006471FD /* DWUNlock.h */,
				359E4EC11DED8259006471FD /* Resources.bundle */,
			);
			path = DWUNlock;
			sourceTree = "<group>";
		};
		8F155E1D1DCA355B007ED527 = {
			isa = PBXGroup;
			children = (
				359E4EB91DED8259006471FD /* DWUNlock */,
				8F155E281DCA355B007ED527 /* DWUNlockDemo */,
				8F155E271DCA355B007ED527 /* Products */,
				359E4EB21DED7665006471FD /* Frameworks */,
			);
			sourceTree = "<group>";
		};
		8F155E271DCA355B007ED527 /* Products */ = {
			isa = PBXGroup;
			children = (
				8F155E261DCA355B007ED527 /* DWUNlockDemo.app */,
			);
			name = Products;
			sourceTree = "<group>";
		};
		8F155E281DCA355B007ED527 /* DWUNlockDemo */ = {
			isa = PBXGroup;
			children = (
				8F155E2C1DCA355B007ED527 /* AppDelegate.h */,
				8F155E2D1DCA355B007ED527 /* AppDelegate.m */,
				8F155E2F1DCA355B007ED527 /* ViewController.h */,
				8F155E301DCA355B007ED527 /* ViewController.m */,
				35EBC0D91EF2833400FA0F01 /* GesturesPasswordController.h */,
				35EBC0DA1EF2833400FA0F01 /* GesturesPasswordController.m */,
				8F155E321DCA355B007ED527 /* Main.storyboard */,
				8F155E401DCA3580007ED527 /* Launch Screen.storyboard */,
				8F155E351DCA355B007ED527 /* Assets.xcassets */,
				8F155E3A1DCA355B007ED527 /* Info.plist */,
				8F155E291DCA355B007ED527 /* Supporting Files */,
			);
			path = DWUNlockDemo;
			sourceTree = "<group>";
		};
		8F155E291DCA355B007ED527 /* Supporting Files */ = {
			isa = PBXGroup;
			children = (
				8F155E2A1DCA355B007ED527 /* main.m */,
			);
			name = "Supporting Files";
			sourceTree = "<group>";
		};
/* End PBXGroup section */

/* Begin PBXNativeTarget section */
		8F155E251DCA355B007ED527 /* DWUNlockDemo */ = {
			isa = PBXNativeTarget;
			buildConfigurationList = 8F155E3D1DCA355B007ED527 /* Build configuration list for PBXNativeTarget "DWUNlockDemo" */;
			buildPhases = (
				8F155E221DCA355B007ED527 /* Sources */,
				8F155E231DCA355B007ED527 /* Frameworks */,
				8F155E241DCA355B007ED527 /* Resources */,
			);
			buildRules = (
			);
			dependencies = (
			);
			name = DWUNlockDemo;
			productName = DWUNlockDemo;
			productReference = 8F155E261DCA355B007ED527 /* DWUNlockDemo.app */;
			productType = "com.apple.product-type.application";
		};
/* End PBXNativeTarget section */

/* Begin PBXProject section */
		8F155E1E1DCA355B007ED527 /* Project object */ = {
			isa = PBXProject;
			attributes = {
				LastUpgradeCheck = 0810;
				ORGANIZATIONNAME = "四海全球";
				TargetAttributes = {
					8F155E251DCA355B007ED527 = {
						CreatedOnToolsVersion = 8.1;
						DevelopmentTeam = A29G325F62;
						ProvisioningStyle = Automatic;
					};
				};
			};
			buildConfigurationList = 8F155E211DCA355B007ED527 /* Build configuration list for PBXProject "DWUNlockDemo" */;
			compatibilityVersion = "Xcode 3.2";
			developmentRegion = English;
			hasScannedForEncodings = 0;
			knownRegions = (
				en,
				Base,
			);
			mainGroup = 8F155E1D1DCA355B007ED527;
			productRefGroup = 8F155E271DCA355B007ED527 /* Products */;
			projectDirPath = "";
			projectRoot = "";
			targets = (
				8F155E251DCA355B007ED527 /* DWUNlockDemo */,
			);
		};
/* End PBXProject section */

/* Begin PBXResourcesBuildPhase section */
		8F155E241DCA355B007ED527 /* Resources */ = {
			isa = PBXResourcesBuildPhase;
			buildActionMask = 2147483647;
			files = (
				359E4EC51DED8259006471FD /* Resources.bundle in Resources */,
				8F155E411DCA3580007ED527 /* Launch Screen.storyboard in Resources */,
				8F155E361DCA355B007ED527 /* Assets.xcassets in Resources */,
				8F155E341DCA355B007ED527 /* Main.storyboard in Resources */,
			);
			runOnlyForDeploymentPostprocessing = 0;
		};
/* End PBXResourcesBuildPhase section */

/* Begin PBXSourcesBuildPhase section */
		8F155E221DCA355B007ED527 /* Sources */ = {
			isa = PBXSourcesBuildPhase;
			buildActionMask = 2147483647;
			files = (
				359E4EC31DED8259006471FD /* DWGesturesUNlock.m in Sources */,
				8F155E311DCA355B007ED527 /* ViewController.m in Sources */,
				35EBC0DB1EF2833400FA0F01 /* GesturesPasswordController.m in Sources */,
				8F155E2E1DCA355B007ED527 /* AppDelegate.m in Sources */,
				8F155E2B1DCA355B007ED527 /* main.m in Sources */,
				359E4EC21DED8259006471FD /* DWTouchIDUNlock.m in Sources */,
			);
			runOnlyForDeploymentPostprocessing = 0;
		};
/* End PBXSourcesBuildPhase section */

/* Begin PBXVariantGroup section */
		8F155E321DCA355B007ED527 /* Main.storyboard */ = {
			isa = PBXVariantGroup;
			children = (
				8F155E331DCA355B007ED527 /* Base */,
			);
			name = Main.storyboard;
			sourceTree = "<group>";
		};
/* End PBXVariantGroup section */

/* Begin XCBuildConfiguration section */
		8F155E3B1DCA355B007ED527 /* Debug */ = {
			isa = XCBuildConfiguration;
			buildSettings = {
				ALWAYS_SEARCH_USER_PATHS = NO;
				CLANG_ANALYZER_NONNULL = YES;
				CLANG_CXX_LANGUAGE_STANDARD = "gnu++0x";
				CLANG_CXX_LIBRARY = "libc++";
				CLANG_ENABLE_MODULES = YES;
				CLANG_ENABLE_OBJC_ARC = YES;
				CLANG_WARN_BOOL_CONVERSION = YES;
				CLANG_WARN_CONSTANT_CONVERSION = YES;
				CLANG_WARN_DIRECT_OBJC_ISA_USAGE = YES_ERROR;
				CLANG_WARN_DOCUMENTATION_COMMENTS = YES;
				CLANG_WARN_EMPTY_BODY = YES;
				CLANG_WARN_ENUM_CONVERSION = YES;
				CLANG_WARN_INFINITE_RECURSION = YES;
				CLANG_WARN_INT_CONVERSION = YES;
				CLANG_WARN_OBJC_ROOT_CLASS = YES_ERROR;
				CLANG_WARN_SUSPICIOUS_MOVES = YES;
				CLANG_WARN_UNREACHABLE_CODE = YES;
				CLANG_WARN__DUPLICATE_METHOD_MATCH = YES;
				"CODE_SIGN_IDENTITY[sdk=iphoneos*]" = "iPhone Developer";
				COPY_PHASE_STRIP = NO;
				DEBUG_INFORMATION_FORMAT = dwarf;
				ENABLE_STRICT_OBJC_MSGSEND = YES;
				ENABLE_TESTABILITY = YES;
				GCC_C_LANGUAGE_STANDARD = gnu99;
				GCC_DYNAMIC_NO_PIC = NO;
				GCC_NO_COMMON_BLOCKS = YES;
				GCC_OPTIMIZATION_LEVEL = 0;
				GCC_PREPROCESSOR_DEFINITIONS = (
					"DEBUG=1",
					"$(inherited)",
				);
				GCC_WARN_64_TO_32_BIT_CONVERSION = YES;
				GCC_WARN_ABOUT_RETURN_TYPE = YES_ERROR;
				GCC_WARN_UNDECLARED_SELECTOR = YES;
				GCC_WARN_UNINITIALIZED_AUTOS = YES_AGGRESSIVE;
				GCC_WARN_UNUSED_FUNCTION = YES;
				GCC_WARN_UNUSED_VARIABLE = YES;
				IPHONEOS_DEPLOYMENT_TARGET = 10.1;
				MTL_ENABLE_DEBUG_INFO = YES;
				ONLY_ACTIVE_ARCH = YES;
				SDKROOT = iphoneos;
				TARGETED_DEVICE_FAMILY = "1,2";
			};
			name = Debug;
		};
		8F155E3C1DCA355B007ED527 /* Release */ = {
			isa = XCBuildConfiguration;
			buildSettings = {
				ALWAYS_SEARCH_USER_PATHS = NO;
				CLANG_ANALYZER_NONNULL = YES;
				CLANG_CXX_LANGUAGE_STANDARD = "gnu++0x";
				CLANG_CXX_LIBRARY = "libc++";
				CLANG_ENABLE_MODULES = YES;
				CLANG_ENABLE_OBJC_ARC = YES;
				CLANG_WARN_BOOL_CONVERSION = YES;
				CLANG_WARN_CONSTANT_CONVERSION = YES;
				CLANG_WARN_DIRECT_OBJC_ISA_USAGE = YES_ERROR;
				CLANG_WARN_DOCUMENTATION_COMMENTS = YES;
				CLANG_WARN_EMPTY_BODY = YES;
				CLANG_WARN_ENUM_CONVERSION = YES;
				CLANG_WARN_INFINITE_RECURSION = YES;
				CLANG_WARN_INT_CONVERSION = YES;
				CLANG_WARN_OBJC_ROOT_CLASS = YES_ERROR;
				CLANG_WARN_SUSPICIOUS_MOVES = YES;
				CLANG_WARN_UNREACHABLE_CODE = YES;
				CLANG_WARN__DUPLICATE_METHOD_MATCH = YES;
				"CODE_SIGN_IDENTITY[sdk=iphoneos*]" = "iPhone Developer";
				COPY_PHASE_STRIP = NO;
				DEBUG_INFORMATION_FORMAT = "dwarf-with-dsym";
				ENABLE_NS_ASSERTIONS = NO;
				ENABLE_STRICT_OBJC_MSGSEND = YES;
				GCC_C_LANGUAGE_STANDARD = gnu99;
				GCC_NO_COMMON_BLOCKS = YES;
				GCC_WARN_64_TO_32_BIT_CONVERSION = YES;
				GCC_WARN_ABOUT_RETURN_TYPE = YES_ERROR;
				GCC_WARN_UNDECLARED_SELECTOR = YES;
				GCC_WARN_UNINITIALIZED_AUTOS = YES_AGGRESSIVE;
				GCC_WARN_UNUSED_FUNCTION = YES;
				GCC_WARN_UNUSED_VARIABLE = YES;
				IPHONEOS_DEPLOYMENT_TARGET = 10.1;
				MTL_ENABLE_DEBUG_INFO = NO;
				SDKROOT = iphoneos;
				TARGETED_DEVICE_FAMILY = "1,2";
				VALIDATE_PRODUCT = YES;
			};
			name = Release;
		};
		8F155E3E1DCA355B007ED527 /* Debug */ = {
			isa = XCBuildConfiguration;
			buildSettings = {
				ASSETCATALOG_COMPILER_APPICON_NAME = AppIcon;
				ASSETCATALOG_COMPILER_LAUNCHIMAGE_NAME = LaunchImage;
				DEVELOPMENT_TEAM = A29G325F62;
				INFOPLIST_FILE = DWUNlockDemo/Info.plist;
				IPHONEOS_DEPLOYMENT_TARGET = 8.0;
				LD_RUNPATH_SEARCH_PATHS = "$(inherited) @executable_path/Frameworks";
				PRODUCT_BUNDLE_IDENTIFIER = vip.dwang.DWUNlockDemo;
				PRODUCT_NAME = "$(TARGET_NAME)";
			};
			name = Debug;
		};
		8F155E3F1DCA355B007ED527 /* Release */ = {
			isa = XCBuildConfiguration;
			buildSettings = {
				ASSETCATALOG_COMPILER_APPICON_NAME = AppIcon;
				ASSETCATALOG_COMPILER_LAUNCHIMAGE_NAME = LaunchImage;
				DEVELOPMENT_TEAM = A29G325F62;
				INFOPLIST_FILE = DWUNlockDemo/Info.plist;
				IPHONEOS_DEPLOYMENT_TARGET = 8.0;
				LD_RUNPATH_SEARCH_PATHS = "$(inherited) @executable_path/Frameworks";
				PRODUCT_BUNDLE_IDENTIFIER = vip.dwang.DWUNlockDemo;
				PRODUCT_NAME = "$(TARGET_NAME)";
			};
			name = Release;
		};
/* End XCBuildConfiguration section */

/* Begin XCConfigurationList section */
		8F155E211DCA355B007ED527 /* Build configuration list for PBXProject "DWUNlockDemo" */ = {
			isa = XCConfigurationList;
			buildConfigurations = (
				8F155E3B1DCA355B007ED527 /* Debug */,
				8F155E3C1DCA355B007ED527 /* Release */,
			);
			defaultConfigurationIsVisible = 0;
			defaultConfigurationName = Release;
		};
		8F155E3D1DCA355B007ED527 /* Build configuration list for PBXNativeTarget "DWUNlockDemo" */ = {
			isa = XCConfigurationList;
			buildConfigurations = (
				8F155E3E1DCA355B007ED527 /* Debug */,
				8F155E3F1DCA355B007ED527 /* Release */,
			);
			defaultConfigurationIsVisible = 0;
			defaultConfigurationName = Release;
		};
/* End XCConfigurationList section */
	};
	rootObject = 8F155E1E1DCA355B007ED527 /* Project object */;
}
